# THIS IS AN AUTOGENERATED FILE. DO NOT EDIT THIS FILE DIRECTLY.
# yarn lockfile v1


"@grain/js-runner@^0.4.0":
  version "0.4.0"
  resolved "https://registry.yarnpkg.com/@grain/js-runner/-/js-runner-0.4.0.tgz#a039e3444afe72fe23d01c303d98938fcf7d391d"
  integrity sha512-tUOgIW8YUm4HT0AES/qJxfw8S8FiO1R1KIptIFEmNPjzFXZpvNxrFcfKKhq3q6JpB1vSTyMGr+Zv/v+jowv8VA==

"@grain/stdlib@^0.4.4":
  version "0.4.4"
  resolved "https://registry.yarnpkg.com/@grain/stdlib/-/stdlib-0.4.4.tgz#c3fe69b48bbf2c8a4a2bacda5bf4ec744f3e3125"
  integrity sha512-4si14yr3QuDamqvB7TJXMqiYeu4vwoXmY3n9dGhBcVAFMDc0OYFlb3HecuXyh20w/VZVK8vKZoVxa+MV6eg2hQ==

commander@^8.3.0:
  version "8.3.0"
  resolved "https://registry.yarnpkg.com/commander/-/commander-8.3.0.tgz#4837ea1b2da67b9c616a67afbb0fafee567bca66"
  integrity sha512-OkTL9umf+He2DZkUq8f8J9of7yL6RJKI24dVITBmNfZBmri9zYZQrKkuXiKhyfPSu8tUhnVBB1iKXevvnlR4Ww==
